
Microsoft Visual Studio Solution File, Format Version 12.00
# Visual Studio 15
VisualStudioVersion = 15.0.28307.168
MinimumVisualStudioVersion = 10.0.40219.1
Project("{FAE04EC0-301F-11D3-BF4B-00C04F79EFBC}") = "UniverseOfBookApp.Android", "UniverseOfBookApp\UniverseOfBookApp.Android\UniverseOfBookApp.Android.csproj", "{01F17969-0F95-4C3C-B89A-2377A6009885}"
EndProject
Project("{FAE04EC0-301F-11D3-BF4B-00C04F79EFBC}") = "UniverseOfBookApp.iOS", "UniverseOfBookApp\UniverseOfBookApp.iOS\UniverseOfBookApp.iOS.csproj", "{B172304B-AD17-4C4E-861F-8FBDD349C3F5}"
EndProject
Project("{FAE04EC0-301F-11D3-BF4B-00C04F79EFBC}") = "UniverseOfBookApp.UWP", "UniverseOfBookApp\UniverseOfBookApp.UWP\UniverseOfBookApp.UWP.csproj", "{CA34B0C0-4609-42A0-967E-00E256E531F5}"
EndProject
Project("{FAE04EC0-301F-11D3-BF4B-00C04F79EFBC}") = "UniverseOfBookApp", "UniverseOfBookApp\UniverseOfBookApp\UniverseOfBookApp.csproj", "{AB261BC1-0637-44C8-BB84-D9AF04C64809}"
EndProject
Global
	GlobalSection(SolutionConfigurationPlatforms) = preSolution
		Ad-Hoc|Any CPU = Ad-Hoc|Any CPU
		Ad-Hoc|ARM = Ad-Hoc|ARM
		Ad-Hoc|iPhone = Ad-Hoc|iPhone
		Ad-Hoc|iPhoneSimulator = Ad-Hoc|iPhoneSimulator
		Ad-Hoc|x64 = Ad-Hoc|x64
		Ad-Hoc|x86 = Ad-Hoc|x86
		AppStore|Any CPU = AppStore|Any CPU
		AppStore|ARM = AppStore|ARM
		AppStore|iPhone = AppStore|iPhone
		AppStore|iPhoneSimulator = AppStore|iPhoneSimulator
		AppStore|x64 = AppStore|x64
		AppStore|x86 = AppStore|x86
		Debug|Any CPU = Debug|Any CPU
		Debug|ARM = Debug|ARM
		Debug|iPhone = Debug|iPhone
		Debug|iPhoneSimulator = Debug|iPhoneSimulator
		Debug|x64 = Debug|x64
		Debug|x86 = Debug|x86
		Release|Any CPU = Release|Any CPU
		Release|ARM = Release|ARM
		Release|iPhone = Release|iPhone
		Release|iPhoneSimulator = Release|iPhoneSimulator
		Release|x64 = Release|x64
		Release|x86 = Release|x86
	EndGlobalSection
	GlobalSection(ProjectConfigurationPlatforms) = postSolution
		{01F17969-0F95-4C3C-B89A-2377A6009885}.Ad-Hoc|Any CPU.ActiveCfg = Release|Any CPU
		{01F17969-0F95-4C3C-B89A-2377A6009885}.Ad-Hoc|Any CPU.Build.0 = Release|Any CPU
		{01F17969-0F95-4C3C-B89A-2377A6009885}.Ad-Hoc|Any CPU.Deploy.0 = Release|Any CPU
		{01F17969-0F95-4C3C-B89A-2377A6009885}.Ad-Hoc|ARM.ActiveCfg = Release|Any CPU
		{01F17969-0F95-4C3C-B89A-2377A6009885}.Ad-Hoc|ARM.Build.0 = Release|Any CPU
		{01F17969-0F95-4C3C-B89A-2377A6009885}.Ad-Hoc|ARM.Deploy.0 = Release|Any CPU
		{01F17969-0F95-4C3C-B89A-2377A6009885}.Ad-Hoc|iPhone.ActiveCfg = Release|Any CPU
		{01F17969-0F95-4C3C-B89A-2377A6009885}.Ad-Hoc|iPhone.Build.0 = Release|Any CPU
		{01F17969-0F95-4C3C-B89A-2377A6009885}.Ad-Hoc|iPhone.Deploy.0 = Release|Any CPU
		{01F17969-0F95-4C3C-B89A-2377A6009885}.Ad-Hoc|iPhoneSimulator.ActiveCfg = Release|Any CPU
		{01F17969-0F95-4C3C-B89A-2377A6009885}.Ad-Hoc|iPhoneSimulator.Build.0 = Release|Any CPU
		{01F17969-0F95-4C3C-B89A-2377A6009885}.Ad-Hoc|iPhoneSimulator.Deploy.0 = Release|Any CPU
		{01F17969-0F95-4C3C-B89A-2377A6009885}.Ad-Hoc|x64.ActiveCfg = Release|Any CPU
		{01F17969-0F95-4C3C-B89A-2377A6009885}.Ad-Hoc|x64.Build.0 = Release|Any CPU
		{01F17969-0F95-4C3C-B89A-2377A6009885}.Ad-Hoc|x64.Deploy.0 = Release|Any CPU
		{01F17969-0F95-4C3C-B89A-2377A6009885}.Ad-Hoc|x86.ActiveCfg = Release|Any CPU
		{01F17969-0F95-4C3C-B89A-2377A6009885}.Ad-Hoc|x86.Build.0 = Release|Any CPU
		{01F17969-0F95-4C3C-B89A-2377A6009885}.Ad-Hoc|x86.Deploy.0 = Release|Any CPU
		{01F17969-0F95-4C3C-B89A-2377A6009885}.AppStore|Any CPU.ActiveCfg = Release|Any CPU
		{01F17969-0F95-4C3C-B89A-2377A6009885}.AppStore|Any CPU.Build.0 = Release|Any CPU
		{01F17969-0F95-4C3C-B89A-2377A6009885}.AppStore|Any CPU.Deploy.0 = Release|Any CPU
		{01F17969-0F95-4C3C-B89A-2377A6009885}.AppStore|ARM.ActiveCfg = Release|Any CPU
		{01F17969-0F95-4C3C-B89A-2377A6009885}.AppStore|ARM.Build.0 = Release|Any CPU
		{01F17969-0F95-4C3C-B89A-2377A6009885}.AppStore|ARM.Deploy.0 = Release|Any CPU
		{01F17969-0F95-4C3C-B89A-2377A6009885}.AppStore|iPhone.ActiveCfg = Release|Any CPU
		{01F17969-0F95-4C3C-B89A-2377A6009885}.AppStore|iPhone.Build.0 = Release|Any CPU
		{01F17969-0F95-4C3C-B89A-2377A6009885}.AppStore|iPhone.Deploy.0 = Release|Any CPU
		{01F17969-0F95-4C3C-B89A-2377A6009885}.AppStore|iPhoneSimulator.ActiveCfg = Release|Any CPU
		{01F17969-0F95-4C3C-B89A-2377A6009885}.AppStore|iPhoneSimulator.Build.0 = Release|Any CPU
		{01F17969-0F95-4C3C-B89A-2377A6009885}.AppStore|iPhoneSimulator.Deploy.0 = Release|Any CPU
		{01F17969-0F95-4C3C-B89A-2377A6009885}.AppStore|x64.ActiveCfg = Release|Any CPU
		{01F17969-0F95-4C3C-B89A-2377A6009885}.AppStore|x64.Build.0 = Release|Any CPU
		{01F17969-0F95-4C3C-B89A-2377A6009885}.AppStore|x64.Deploy.0 = Release|Any CPU
		{01F17969-0F95-4C3C-B89A-2377A6009885}.AppStore|x86.ActiveCfg = Release|Any CPU
		{01F17969-0F95-4C3C-B89A-2377A6009885}.AppStore|x86.Build.0 = Release|Any CPU
		{01F17969-0F95-4C3C-B89A-2377A6009885}.AppStore|x86.Deploy.0 = Release|Any CPU
		{01F17969-0F95-4C3C-B89A-2377A6009885}.Debug|Any CPU.ActiveCfg = Debug|Any CPU
		{01F17969-0F95-4C3C-B89A-2377A6009885}.Debug|Any CPU.Build.0 = Debug|Any CPU
		{01F17969-0F95-4C3C-B89A-2377A6009885}.Debug|Any CPU.Deploy.0 = Debug|Any CPU
		{01F17969-0F95-4C3C-B89A-2377A6009885}.Debug|ARM.ActiveCfg = Debug|Any CPU
		{01F17969-0F95-4C3C-B89A-2377A6009885}.Debug|ARM.Build.0 = Debug|Any CPU
		{01F17969-0F95-4C3C-B89A-2377A6009885}.Debug|ARM.Deploy.0 = Debug|Any CPU
		{01F17969-0F95-4C3C-B89A-2377A6009885}.Debug|iPhone.ActiveCfg = Debug|Any CPU
		{01F17969-0F95-4C3C-B89A-2377A6009885}.Debug|iPhone.Build.0 = Debug|Any CPU
		{01F17969-0F95-4C3C-B89A-2377A6009885}.Debug|iPhone.Deploy.0 = Debug|Any CPU
		{01F17969-0F95-4C3C-B89A-2377A6009885}.Debug|iPhoneSimulator.ActiveCfg = Debug|Any CPU
		{01F17969-0F95-4C3C-B89A-2377A6009885}.Debug|iPhoneSimulator.Build.0 = Debug|Any CPU
		{01F17969-0F95-4C3C-B89A-2377A6009885}.Debug|iPhoneSimulator.Deploy.0 = Debug|Any CPU
		{01F17969-0F95-4C3C-B89A-2377A6009885}.Debug|x64.ActiveCfg = Debug|Any CPU
		{01F17969-0F95-4C3C-B89A-2377A6009885}.Debug|x64.Build.0 = Debug|Any CPU
		{01F17969-0F95-4C3C-B89A-2377A6009885}.Debug|x64.Deploy.0 = Debug|Any CPU
		{01F17969-0F95-4C3C-B89A-2377A6009885}.Debug|x86.ActiveCfg = Debug|Any CPU
		{01F17969-0F95-4C3C-B89A-2377A6009885}.Debug|x86.Build.0 = Debug|Any CPU
		{01F17969-0F95-4C3C-B89A-2377A6009885}.Debug|x86.Deploy.0 = Debug|Any CPU
		{01F17969-0F95-4C3C-B89A-2377A6009885}.Release|Any CPU.ActiveCfg = Release|Any CPU
		{01F17969-0F95-4C3C-B89A-2377A6009885}.Release|Any CPU.Build.0 = Release|Any CPU
		{01F17969-0F95-4C3C-B89A-2377A6009885}.Release|Any CPU.Deploy.0 = Release|Any CPU
		{01F17969-0F95-4C3C-B89A-2377A6009885}.Release|ARM.ActiveCfg = Release|Any CPU
		{01F17969-0F95-4C3C-B89A-2377A6009885}.Release|ARM.Build.0 = Release|Any CPU
		{01F17969-0F95-4C3C-B89A-2377A6009885}.Release|ARM.Deploy.0 = Release|Any CPU
		{01F17969-0F95-4C3C-B89A-2377A6009885}.Release|iPhone.ActiveCfg = Release|Any CPU
		{01F17969-0F95-4C3C-B89A-2377A6009885}.Release|iPhone.Build.0 = Release|Any CPU
		{01F17969-0F95-4C3C-B89A-2377A6009885}.Release|iPhone.Deploy.0 = Release|Any CPU
		{01F17969-0F95-4C3C-B89A-2377A6009885}.Release|iPhoneSimulator.ActiveCfg = Release|Any CPU
		{01F17969-0F95-4C3C-B89A-2377A6009885}.Release|iPhoneSimulator.Build.0 = Release|Any CPU
		{01F17969-0F95-4C3C-B89A-2377A6009885}.Release|iPhoneSimulator.Deploy.0 = Release|Any CPU
		{01F17969-0F95-4C3C-B89A-2377A6009885}.Release|x64.ActiveCfg = Release|Any CPU
		{01F17969-0F95-4C3C-B89A-2377A6009885}.Release|x64.Build.0 = Release|Any CPU
		{01F17969-0F95-4C3C-B89A-2377A6009885}.Release|x64.Deploy.0 = Release|Any CPU
		{01F17969-0F95-4C3C-B89A-2377A6009885}.Release|x86.ActiveCfg = Release|Any CPU
		{01F17969-0F95-4C3C-B89A-2377A6009885}.Release|x86.Build.0 = Release|Any CPU
		{01F17969-0F95-4C3C-B89A-2377A6009885}.Release|x86.Deploy.0 = Release|Any CPU
		{B172304B-AD17-4C4E-861F-8FBDD349C3F5}.Ad-Hoc|Any CPU.ActiveCfg = Ad-Hoc|iPhone
		{B172304B-AD17-4C4E-861F-8FBDD349C3F5}.Ad-Hoc|Any CPU.Build.0 = Ad-Hoc|iPhone
		{B172304B-AD17-4C4E-861F-8FBDD349C3F5}.Ad-Hoc|Any CPU.Deploy.0 = Ad-Hoc|iPhone
		{B172304B-AD17-4C4E-861F-8FBDD349C3F5}.Ad-Hoc|ARM.ActiveCfg = Ad-Hoc|iPhone
		{B172304B-AD17-4C4E-861F-8FBDD349C3F5}.Ad-Hoc|ARM.Build.0 = Ad-Hoc|iPhone
		{B172304B-AD17-4C4E-861F-8FBDD349C3F5}.Ad-Hoc|ARM.Deploy.0 = Ad-Hoc|iPhone
		{B172304B-AD17-4C4E-861F-8FBDD349C3F5}.Ad-Hoc|iPhone.ActiveCfg = Ad-Hoc|iPhone
		{B172304B-AD17-4C4E-861F-8FBDD349C3F5}.Ad-Hoc|iPhone.Build.0 = Ad-Hoc|iPhone
		{B172304B-AD17-4C4E-861F-8FBDD349C3F5}.Ad-Hoc|iPhone.Deploy.0 = Ad-Hoc|iPhone
		{B172304B-AD17-4C4E-861F-8FBDD349C3F5}.Ad-Hoc|iPhoneSimulator.ActiveCfg = Ad-Hoc|iPhoneSimulator
		{B172304B-AD17-4C4E-861F-8FBDD349C3F5}.Ad-Hoc|iPhoneSimulator.Build.0 = Ad-Hoc|iPhoneSimulator
		{B172304B-AD17-4C4E-861F-8FBDD349C3F5}.Ad-Hoc|iPhoneSimulator.Deploy.0 = Ad-Hoc|iPhoneSimulator
		{B172304B-AD17-4C4E-861F-8FBDD349C3F5}.Ad-Hoc|x64.ActiveCfg = Ad-Hoc|iPhone
		{B172304B-AD17-4C4E-861F-8FBDD349C3F5}.Ad-Hoc|x64.Build.0 = Ad-Hoc|iPhone
		{B172304B-AD17-4C4E-861F-8FBDD349C3F5}.Ad-Hoc|x64.Deploy.0 = Ad-Hoc|iPhone
		{B172304B-AD17-4C4E-861F-8FBDD349C3F5}.Ad-Hoc|x86.ActiveCfg = Ad-Hoc|iPhone
		{B172304B-AD17-4C4E-861F-8FBDD349C3F5}.Ad-Hoc|x86.Build.0 = Ad-Hoc|iPhone
		{B172304B-AD17-4C4E-861F-8FBDD349C3F5}.Ad-Hoc|x86.Deploy.0 = Ad-Hoc|iPhone
		{B172304B-AD17-4C4E-861F-8FBDD349C3F5}.AppStore|Any CPU.ActiveCfg = AppStore|iPhone
		{B172304B-AD17-4C4E-861F-8FBDD349C3F5}.AppStore|Any CPU.Build.0 = AppStore|iPhone
		{B172304B-AD17-4C4E-861F-8FBDD349C3F5}.AppStore|Any CPU.Deploy.0 = AppStore|iPhone
		{B172304B-AD17-4C4E-861F-8FBDD349C3F5}.AppStore|ARM.ActiveCfg = AppStore|iPhone
		{B172304B-AD17-4C4E-861F-8FBDD349C3F5}.AppStore|ARM.Build.0 = AppStore|iPhone
		{B172304B-AD17-4C4E-861F-8FBDD349C3F5}.AppStore|ARM.Deploy.0 = AppStore|iPhone
		{B172304B-AD17-4C4E-861F-8FBDD349C3F5}.AppStore|iPhone.ActiveCfg = AppStore|iPhone
		{B172304B-AD17-4C4E-861F-8FBDD349C3F5}.AppStore|iPhone.Build.0 = AppStore|iPhone
		{B172304B-AD17-4C4E-861F-8FBDD349C3F5}.AppStore|iPhone.Deploy.0 = AppStore|iPhone
		{B172304B-AD17-4C4E-861F-8FBDD349C3F5}.AppStore|iPhoneSimulator.ActiveCfg = AppStore|iPhoneSimulator
		{B172304B-AD17-4C4E-861F-8FBDD349C3F5}.AppStore|iPhoneSimulator.Build.0 = AppStore|iPhoneSimulator
		{B172304B-AD17-4C4E-861F-8FBDD349C3F5}.AppStore|iPhoneSimulator.Deploy.0 = AppStore|iPhoneSimulator
		{B172304B-AD17-4C4E-861F-8FBDD349C3F5}.AppStore|x64.ActiveCfg = AppStore|iPhone
		{B172304B-AD17-4C4E-861F-8FBDD349C3F5}.AppStore|x64.Build.0 = AppStore|iPhone
		{B172304B-AD17-4C4E-861F-8FBDD349C3F5}.AppStore|x64.Deploy.0 = AppStore|iPhone
		{B172304B-AD17-4C4E-861F-8FBDD349C3F5}.AppStore|x86.ActiveCfg = AppStore|iPhone
		{B172304B-AD17-4C4E-861F-8FBDD349C3F5}.AppStore|x86.Build.0 = AppStore|iPhone
		{B172304B-AD17-4C4E-861F-8FBDD349C3F5}.AppStore|x86.Deploy.0 = AppStore|iPhone
		{B172304B-AD17-4C4E-861F-8FBDD349C3F5}.Debug|Any CPU.ActiveCfg = Debug|iPhoneSimulator
		{B172304B-AD17-4C4E-861F-8FBDD349C3F5}.Debug|Any CPU.Build.0 = Debug|iPhoneSimulator
		{B172304B-AD17-4C4E-861F-8FBDD349C3F5}.Debug|Any CPU.Deploy.0 = Debug|iPhoneSimulator
		{B172304B-AD17-4C4E-861F-8FBDD349C3F5}.Debug|ARM.ActiveCfg = Debug|iPhone
		{B172304B-AD17-4C4E-861F-8FBDD349C3F5}.Debug|ARM.Build.0 = Debug|iPhone
		{B172304B-AD17-4C4E-861F-8FBDD349C3F5}.Debug|ARM.Deploy.0 = Debug|iPhone
		{B172304B-AD17-4C4E-861F-8FBDD349C3F5}.Debug|iPhone.ActiveCfg = Debug|iPhone
		{B172304B-AD17-4C4E-861F-8FBDD349C3F5}.Debug|iPhone.Build.0 = Debug|iPhone
		{B172304B-AD17-4C4E-861F-8FBDD349C3F5}.Debug|iPhone.Deploy.0 = Debug|iPhone
		{B172304B-AD17-4C4E-861F-8FBDD349C3F5}.Debug|iPhoneSimulator.ActiveCfg = Debug|iPhoneSimulator
		{B172304B-AD17-4C4E-861F-8FBDD349C3F5}.Debug|iPhoneSimulator.Build.0 = Debug|iPhoneSimulator
		{B172304B-AD17-4C4E-861F-8FBDD349C3F5}.Debug|iPhoneSimulator.Deploy.0 = Debug|iPhoneSimulator
		{B172304B-AD17-4C4E-861F-8FBDD349C3F5}.Debug|x64.ActiveCfg = Debug|iPhone
		{B172304B-AD17-4C4E-861F-8FBDD349C3F5}.Debug|x64.Build.0 = Debug|iPhone
		{B172304B-AD17-4C4E-861F-8FBDD349C3F5}.Debug|x64.Deploy.0 = Debug|iPhone
		{B172304B-AD17-4C4E-861F-8FBDD349C3F5}.Debug|x86.ActiveCfg = Debug|iPhone
		{B172304B-AD17-4C4E-861F-8FBDD349C3F5}.Debug|x86.Build.0 = Debug|iPhone
		{B172304B-AD17-4C4E-861F-8FBDD349C3F5}.Debug|x86.Deploy.0 = Debug|iPhone
		{B172304B-AD17-4C4E-861F-8FBDD349C3F5}.Release|Any CPU.ActiveCfg = Release|iPhone
		{B172304B-AD17-4C4E-861F-8FBDD349C3F5}.Release|Any CPU.Build.0 = Release|iPhone
		{B172304B-AD17-4C4E-861F-8FBDD349C3F5}.Release|Any CPU.Deploy.0 = Release|iPhone
		{B172304B-AD17-4C4E-861F-8FBDD349C3F5}.Release|ARM.ActiveCfg = Release|iPhone
		{B172304B-AD17-4C4E-861F-8FBDD349C3F5}.Release|ARM.Build.0 = Release|iPhone
		{B172304B-AD17-4C4E-861F-8FBDD349C3F5}.Release|ARM.Deploy.0 = Release|iPhone
		{B172304B-AD17-4C4E-861F-8FBDD349C3F5}.Release|iPhone.ActiveCfg = Release|iPhone
		{B172304B-AD17-4C4E-861F-8FBDD349C3F5}.Release|iPhone.Build.0 = Release|iPhone
		{B172304B-AD17-4C4E-861F-8FBDD349C3F5}.Release|iPhone.Deploy.0 = Release|iPhone
		{B172304B-AD17-4C4E-861F-8FBDD349C3F5}.Release|iPhoneSimulator.ActiveCfg = Release|iPhoneSimulator
		{B172304B-AD17-4C4E-861F-8FBDD349C3F5}.Release|iPhoneSimulator.Build.0 = Release|iPhoneSimulator
		{B172304B-AD17-4C4E-861F-8FBDD349C3F5}.Release|iPhoneSimulator.Deploy.0 = Release|iPhoneSimulator
		{B172304B-AD17-4C4E-861F-8FBDD349C3F5}.Release|x64.ActiveCfg = Release|iPhone
		{B172304B-AD17-4C4E-861F-8FBDD349C3F5}.Release|x64.Build.0 = Release|iPhone
		{B172304B-AD17-4C4E-861F-8FBDD349C3F5}.Release|x64.Deploy.0 = Release|iPhone
		{B172304B-AD17-4C4E-861F-8FBDD349C3F5}.Release|x86.ActiveCfg = Release|iPhone
		{B172304B-AD17-4C4E-861F-8FBDD349C3F5}.Release|x86.Build.0 = Release|iPhone
		{B172304B-AD17-4C4E-861F-8FBDD349C3F5}.Release|x86.Deploy.0 = Release|iPhone
		{CA34B0C0-4609-42A0-967E-00E256E531F5}.Ad-Hoc|Any CPU.ActiveCfg = Release|x86
		{CA34B0C0-4609-42A0-967E-00E256E531F5}.Ad-Hoc|Any CPU.Build.0 = Release|x86
		{CA34B0C0-4609-42A0-967E-00E256E531F5}.Ad-Hoc|Any CPU.Deploy.0 = Release|x86
		{CA34B0C0-4609-42A0-967E-00E256E531F5}.Ad-Hoc|ARM.ActiveCfg = Release|ARM
		{CA34B0C0-4609-42A0-967E-00E256E531F5}.Ad-Hoc|ARM.Build.0 = Release|ARM
		{CA34B0C0-4609-42A0-967E-00E256E531F5}.Ad-Hoc|ARM.Deploy.0 = Release|ARM
		{CA34B0C0-4609-42A0-967E-00E256E531F5}.Ad-Hoc|iPhone.ActiveCfg = Release|x86
		{CA34B0C0-4609-42A0-967E-00E256E531F5}.Ad-Hoc|iPhone.Build.0 = Release|x86
		{CA34B0C0-4609-42A0-967E-00E256E531F5}.Ad-Hoc|iPhone.Deploy.0 = Release|x86
		{CA34B0C0-4609-42A0-967E-00E256E531F5}.Ad-Hoc|iPhoneSimulator.ActiveCfg = Release|x86
		{CA34B0C0-4609-42A0-967E-00E256E531F5}.Ad-Hoc|iPhoneSimulator.Build.0 = Release|x86
		{CA34B0C0-4609-42A0-967E-00E256E531F5}.Ad-Hoc|iPhoneSimulator.Deploy.0 = Release|x86
		{CA34B0C0-4609-42A0-967E-00E256E531F5}.Ad-Hoc|x64.ActiveCfg = Release|x64
		{CA34B0C0-4609-42A0-967E-00E256E531F5}.Ad-Hoc|x64.Build.0 = Release|x64
		{CA34B0C0-4609-42A0-967E-00E256E531F5}.Ad-Hoc|x64.Deploy.0 = Release|x64
		{CA34B0C0-4609-42A0-967E-00E256E531F5}.Ad-Hoc|x86.ActiveCfg = Release|x86
		{CA34B0C0-4609-42A0-967E-00E256E531F5}.Ad-Hoc|x86.Build.0 = Release|x86
		{CA34B0C0-4609-42A0-967E-00E256E531F5}.Ad-Hoc|x86.Deploy.0 = Release|x86
		{CA34B0C0-4609-42A0-967E-00E256E531F5}.AppStore|Any CPU.ActiveCfg = Release|x86
		{CA34B0C0-4609-42A0-967E-00E256E531F5}.AppStore|Any CPU.Build.0 = Release|x86
		{CA34B0C0-4609-42A0-967E-00E256E531F5}.AppStore|Any CPU.Deploy.0 = Release|x86
		{CA34B0C0-4609-42A0-967E-00E256E531F5}.AppStore|ARM.ActiveCfg = Release|ARM
		{CA34B0C0-4609-42A0-967E-00E256E531F5}.AppStore|ARM.Build.0 = Release|ARM
		{CA34B0C0-4609-42A0-967E-00E256E531F5}.AppStore|ARM.Deploy.0 = Release|ARM
		{CA34B0C0-4609-42A0-967E-00E256E531F5}.AppStore|iPhone.ActiveCfg = Release|x86
		{CA34B0C0-4609-42A0-967E-00E256E531F5}.AppStore|iPhone.Build.0 = Release|x86
		{CA34B0C0-4609-42A0-967E-00E256E531F5}.AppStore|iPhone.Deploy.0 = Release|x86
		{CA34B0C0-4609-42A0-967E-00E256E531F5}.AppStore|iPhoneSimulator.ActiveCfg = Release|x86
		{CA34B0C0-4609-42A0-967E-00E256E531F5}.AppStore|iPhoneSimulator.Build.0 = Release|x86
		{CA34B0C0-4609-42A0-967E-00E256E531F5}.AppStore|iPhoneSimulator.Deploy.0 = Release|x86
		{CA34B0C0-4609-42A0-967E-00E256E531F5}.AppStore|x64.ActiveCfg = Release|x64
		{CA34B0C0-4609-42A0-967E-00E256E531F5}.AppStore|x64.Build.0 = Release|x64
		{CA34B0C0-4609-42A0-967E-00E256E531F5}.AppStore|x64.Deploy.0 = Release|x64
		{CA34B0C0-4609-42A0-967E-00E256E531F5}.AppStore|x86.ActiveCfg = Release|x86
		{CA34B0C0-4609-42A0-967E-00E256E531F5}.AppStore|x86.Build.0 = Release|x86
		{CA34B0C0-4609-42A0-967E-00E256E531F5}.AppStore|x86.Deploy.0 = Release|x86
		{CA34B0C0-4609-42A0-967E-00E256E531F5}.Debug|Any CPU.ActiveCfg = Debug|x86
		{CA34B0C0-4609-42A0-967E-00E256E531F5}.Debug|Any CPU.Build.0 = Debug|x86
		{CA34B0C0-4609-42A0-967E-00E256E531F5}.Debug|Any CPU.Deploy.0 = Debug|x86
		{CA34B0C0-4609-42A0-967E-00E256E531F5}.Debug|ARM.ActiveCfg = Debug|ARM
		{CA34B0C0-4609-42A0-967E-00E256E531F5}.Debug|ARM.Build.0 = Debug|ARM
		{CA34B0C0-4609-42A0-967E-00E256E531F5}.Debug|ARM.Deploy.0 = Debug|ARM
		{CA34B0C0-4609-42A0-967E-00E256E531F5}.Debug|iPhone.ActiveCfg = Debug|x86
		{CA34B0C0-4609-42A0-967E-00E256E531F5}.Debug|iPhone.Build.0 = Debug|x86
		{CA34B0C0-4609-42A0-967E-00E256E531F5}.Debug|iPhone.Deploy.0 = Debug|x86
		{CA34B0C0-4609-42A0-967E-00E256E531F5}.Debug|iPhoneSimulator.ActiveCfg = Debug|x86
		{CA34B0C0-4609-42A0-967E-00E256E531F5}.Debug|iPhoneSimulator.Build.0 = Debug|x86
		{CA34B0C0-4609-42A0-967E-00E256E531F5}.Debug|iPhoneSimulator.Deploy.0 = Debug|x86
		{CA34B0C0-4609-42A0-967E-00E256E531F5}.Debug|x64.ActiveCfg = Debug|x64
		{CA34B0C0-4609-42A0-967E-00E256E531F5}.Debug|x64.Build.0 = Debug|x64
		{CA34B0C0-4609-42A0-967E-00E256E531F5}.Debug|x64.Deploy.0 = Debug|x64
		{CA34B0C0-4609-42A0-967E-00E256E531F5}.Debug|x86.ActiveCfg = Debug|x86
		{CA34B0C0-4609-42A0-967E-00E256E531F5}.Debug|x86.Build.0 = Debug|x86
		{CA34B0C0-4609-42A0-967E-00E256E531F5}.Debug|x86.Deploy.0 = Debug|x86
		{CA34B0C0-4609-42A0-967E-00E256E531F5}.Release|Any CPU.ActiveCfg = Release|x86
		{CA34B0C0-4609-42A0-967E-00E256E531F5}.Release|Any CPU.Build.0 = Release|x86
		{CA34B0C0-4609-42A0-967E-00E256E531F5}.Release|Any CPU.Deploy.0 = Release|x86
		{CA34B0C0-4609-42A0-967E-00E256E531F5}.Release|ARM.ActiveCfg = Release|ARM
		{CA34B0C0-4609-42A0-967E-00E256E531F5}.Release|ARM.Build.0 = Release|ARM
		{CA34B0C0-4609-42A0-967E-00E256E531F5}.Release|ARM.Deploy.0 = Release|ARM
		{CA34B0C0-4609-42A0-967E-00E256E531F5}.Release|iPhone.ActiveCfg = Release|x86
		{CA34B0C0-4609-42A0-967E-00E256E531F5}.Release|iPhone.Build.0 = Release|x86
		{CA34B0C0-4609-42A0-967E-00E256E531F5}.Release|iPhone.Deploy.0 = Release|x86
		{CA34B0C0-4609-42A0-967E-00E256E531F5}.Release|iPhoneSimulator.ActiveCfg = Release|x86
		{CA34B0C0-4609-42A0-967E-00E256E531F5}.Release|iPhoneSimulator.Build.0 = Release|x86
		{CA34B0C0-4609-42A0-967E-00E256E531F5}.Release|iPhoneSimulator.Deploy.0 = Release|x86
		{CA34B0C0-4609-42A0-967E-00E256E531F5}.Release|x64.ActiveCfg = Release|x64
		{CA34B0C0-4609-42A0-967E-00E256E531F5}.Release|x64.Build.0 = Release|x64
		{CA34B0C0-4609-42A0-967E-00E256E531F5}.Release|x64.Deploy.0 = Release|x64
		{CA34B0C0-4609-42A0-967E-00E256E531F5}.Release|x86.ActiveCfg = Release|x86
		{CA34B0C0-4609-42A0-967E-00E256E531F5}.Release|x86.Build.0 = Release|x86
		{CA34B0C0-4609-42A0-967E-00E256E531F5}.Release|x86.Deploy.0 = Release|x86
		{AB261BC1-0637-44C8-BB84-D9AF04C64809}.Ad-Hoc|Any CPU.ActiveCfg = Debug|Any CPU
		{AB261BC1-0637-44C8-BB84-D9AF04C64809}.Ad-Hoc|Any CPU.Build.0 = Debug|Any CPU
		{AB261BC1-0637-44C8-BB84-D9AF04C64809}.Ad-Hoc|Any CPU.Deploy.0 = Debug|Any CPU
		{AB261BC1-0637-44C8-BB84-D9AF04C64809}.Ad-Hoc|ARM.ActiveCfg = Debug|Any CPU
		{AB261BC1-0637-44C8-BB84-D9AF04C64809}.Ad-Hoc|ARM.Build.0 = Debug|Any CPU
		{AB261BC1-0637-44C8-BB84-D9AF04C64809}.Ad-Hoc|ARM.Deploy.0 = Debug|Any CPU
		{AB261BC1-0637-44C8-BB84-D9AF04C64809}.Ad-Hoc|iPhone.ActiveCfg = Debug|Any CPU
		{AB261BC1-0637-44C8-BB84-D9AF04C64809}.Ad-Hoc|iPhone.Build.0 = Debug|Any CPU
		{AB261BC1-0637-44C8-BB84-D9AF04C64809}.Ad-Hoc|iPhone.Deploy.0 = Debug|Any CPU
		{AB261BC1-0637-44C8-BB84-D9AF04C64809}.Ad-Hoc|iPhoneSimulator.ActiveCfg = Debug|Any CPU
		{AB261BC1-0637-44C8-BB84-D9AF04C64809}.Ad-Hoc|iPhoneSimulator.Build.0 = Debug|Any CPU
		{AB261BC1-0637-44C8-BB84-D9AF04C64809}.Ad-Hoc|iPhoneSimulator.Deploy.0 = Debug|Any CPU
		{AB261BC1-0637-44C8-BB84-D9AF04C64809}.Ad-Hoc|x64.ActiveCfg = Debug|Any CPU
		{AB261BC1-0637-44C8-BB84-D9AF04C64809}.Ad-Hoc|x64.Build.0 = Debug|Any CPU
		{AB261BC1-0637-44C8-BB84-D9AF04C64809}.Ad-Hoc|x64.Deploy.0 = Debug|Any CPU
		{AB261BC1-0637-44C8-BB84-D9AF04C64809}.Ad-Hoc|x86.ActiveCfg = Debug|Any CPU
		{AB261BC1-0637-44C8-BB84-D9AF04C64809}.Ad-Hoc|x86.Build.0 = Debug|Any CPU
		{AB261BC1-0637-44C8-BB84-D9AF04C64809}.Ad-Hoc|x86.Deploy.0 = Debug|Any CPU
		{AB261BC1-0637-44C8-BB84-D9AF04C64809}.AppStore|Any CPU.ActiveCfg = Debug|Any CPU
		{AB261BC1-0637-44C8-BB84-D9AF04C64809}.AppStore|Any CPU.Build.0 = Debug|Any CPU
		{AB261BC1-0637-44C8-BB84-D9AF04C64809}.AppStore|Any CPU.Deploy.0 = Debug|Any CPU
		{AB261BC1-0637-44C8-BB84-D9AF04C64809}.AppStore|ARM.ActiveCfg = Debug|Any CPU
		{AB261BC1-0637-44C8-BB84-D9AF04C64809}.AppStore|ARM.Build.0 = Debug|Any CPU
		{AB261BC1-0637-44C8-BB84-D9AF04C64809}.AppStore|ARM.Deploy.0 = Debug|Any CPU
		{AB261BC1-0637-44C8-BB84-D9AF04C64809}.AppStore|iPhone.ActiveCfg = Debug|Any CPU
		{AB261BC1-0637-44C8-BB84-D9AF04C64809}.AppStore|iPhone.Build.0 = Debug|Any CPU
		{AB261BC1-0637-44C8-BB84-D9AF04C64809}.AppStore|iPhone.Deploy.0 = Debug|Any CPU
		{AB261BC1-0637-44C8-BB84-D9AF04C64809}.AppStore|iPhoneSimulator.ActiveCfg = Debug|Any CPU
		{AB261BC1-0637-44C8-BB84-D9AF04C64809}.AppStore|iPhoneSimulator.Build.0 = Debug|Any CPU
		{AB261BC1-0637-44C8-BB84-D9AF04C64809}.AppStore|iPhoneSimulator.Deploy.0 = Debug|Any CPU
		{AB261BC1-0637-44C8-BB84-D9AF04C64809}.AppStore|x64.ActiveCfg = Debug|Any CPU
		{AB261BC1-0637-44C8-BB84-D9AF04C64809}.AppStore|x64.Build.0 = Debug|Any CPU
		{AB261BC1-0637-44C8-BB84-D9AF04C64809}.AppStore|x64.Deploy.0 = Debug|Any CPU
		{AB261BC1-0637-44C8-BB84-D9AF04C64809}.AppStore|x86.ActiveCfg = Debug|Any CPU
		{AB261BC1-0637-44C8-BB84-D9AF04C64809}.AppStore|x86.Build.0 = Debug|Any CPU
		{AB261BC1-0637-44C8-BB84-D9AF04C64809}.AppStore|x86.Deploy.0 = Debug|Any CPU
		{AB261BC1-0637-44C8-BB84-D9AF04C64809}.Debug|Any CPU.ActiveCfg = Debug|Any CPU
		{AB261BC1-0637-44C8-BB84-D9AF04C64809}.Debug|Any CPU.Build.0 = Debug|Any CPU
		{AB261BC1-0637-44C8-BB84-D9AF04C64809}.Debug|Any CPU.Deploy.0 = Debug|Any CPU
		{AB261BC1-0637-44C8-BB84-D9AF04C64809}.Debug|ARM.ActiveCfg = Debug|Any CPU
		{AB261BC1-0637-44C8-BB84-D9AF04C64809}.Debug|ARM.Build.0 = Debug|Any CPU
		{AB261BC1-0637-44C8-BB84-D9AF04C64809}.Debug|ARM.Deploy.0 = Debug|Any CPU
		{AB261BC1-0637-44C8-BB84-D9AF04C64809}.Debug|iPhone.ActiveCfg = Debug|Any CPU
		{AB261BC1-0637-44C8-BB84-D9AF04C64809}.Debug|iPhone.Build.0 = Debug|Any CPU
		{AB261BC1-0637-44C8-BB84-D9AF04C64809}.Debug|iPhone.Deploy.0 = Debug|Any CPU
		{AB261BC1-0637-44C8-BB84-D9AF04C64809}.Debug|iPhoneSimulator.ActiveCfg = Debug|Any CPU
		{AB261BC1-0637-44C8-BB84-D9AF04C64809}.Debug|iPhoneSimulator.Build.0 = Debug|Any CPU
		{AB261BC1-0637-44C8-BB84-D9AF04C64809}.Debug|iPhoneSimulator.Deploy.0 = Debug|Any CPU
		{AB261BC1-0637-44C8-BB84-D9AF04C64809}.Debug|x64.ActiveCfg = Debug|Any CPU
		{AB261BC1-0637-44C8-BB84-D9AF04C64809}.Debug|x64.Build.0 = Debug|Any CPU
		{AB261BC1-0637-44C8-BB84-D9AF04C64809}.Debug|x64.Deploy.0 = Debug|Any CPU
		{AB261BC1-0637-44C8-BB84-D9AF04C64809}.Debug|x86.ActiveCfg = Debug|Any CPU
		{AB261BC1-0637-44C8-BB84-D9AF04C64809}.Debug|x86.Build.0 = Debug|Any CPU
		{AB261BC1-0637-44C8-BB84-D9AF04C64809}.Debug|x86.Deploy.0 = Debug|Any CPU
		{AB261BC1-0637-44C8-BB84-D9AF04C64809}.Release|Any CPU.ActiveCfg = Release|Any CPU
		{AB261BC1-0637-44C8-BB84-D9AF04C64809}.Release|Any CPU.Build.0 = Release|Any CPU
		{AB261BC1-0637-44C8-BB84-D9AF04C64809}.Release|Any CPU.Deploy.0 = Release|Any CPU
		{AB261BC1-0637-44C8-BB84-D9AF04C64809}.Release|ARM.ActiveCfg = Release|Any CPU
		{AB261BC1-0637-44C8-BB84-D9AF04C64809}.Release|ARM.Build.0 = Release|Any CPU
		{AB261BC1-0637-44C8-BB84-D9AF04C64809}.Release|ARM.Deploy.0 = Release|Any CPU
		{AB261BC1-0637-44C8-BB84-D9AF04C64809}.Release|iPhone.ActiveCfg = Release|Any CPU
		{AB261BC1-0637-44C8-BB84-D9AF04C64809}.Release|iPhone.Build.0 = Release|Any CPU
		{AB261BC1-0637-44C8-BB84-D9AF04C64809}.Release|iPhone.Deploy.0 = Release|Any CPU
		{AB261BC1-0637-44C8-BB84-D9AF04C64809}.Release|iPhoneSimulator.ActiveCfg = Release|Any CPU
		{AB261BC1-0637-44C8-BB84-D9AF04C64809}.Release|iPhoneSimulator.Build.0 = Release|Any CPU
		{AB261BC1-0637-44C8-BB84-D9AF04C64809}.Release|iPhoneSimulator.Deploy.0 = Release|Any CPU
		{AB261BC1-0637-44C8-BB84-D9AF04C64809}.Release|x64.ActiveCfg = Release|Any CPU
		{AB261BC1-0637-44C8-BB84-D9AF04C64809}.Release|x64.Build.0 = Release|Any CPU
		{AB261BC1-0637-44C8-BB84-D9AF04C64809}.Release|x64.Deploy.0 = Release|Any CPU
		{AB261BC1-0637-44C8-BB84-D9AF04C64809}.Release|x86.ActiveCfg = Release|Any CPU
		{AB261BC1-0637-44C8-BB84-D9AF04C64809}.Release|x86.Build.0 = Release|Any CPU
		{AB261BC1-0637-44C8-BB84-D9AF04C64809}.Release|x86.Deploy.0 = Release|Any CPU
	EndGlobalSection
	GlobalSection(SolutionProperties) = preSolution
		HideSolutionNode = FALSE
	EndGlobalSection
	GlobalSection(ExtensibilityGlobals) = postSolution
		SolutionGuid = {9083B5B3-0893-41B3-BBA6-30E391C29314}
	EndGlobalSection
EndGlobal
